{
  "name": "@optimacros-ui/kit-internal",
  "version": "2.0.13",
  "lockfileVersion": 3,
  "requires": true,
  "packages": {
    "": {
      "name": "@optimacros-ui/kit-internal",
      "version": "2.0.13",
      "devDependencies": {
        "rc-dropdown": "4.2.1"
      }
    },
    "../legacy": {
      "name": "@optimacros-ui/kit-legacy",
      "version": "2.0.11",
      "extraneous": true,
      "dependencies": {
        "marked": "4.1.0",
        "mobx": "6.9.0",
        "mobx-react": "7.6.0",
        "ramda": "0.23.0",
        "rc-dropdown": "2.4.1",
        "rc-menu": "7.4.23",
        "react": "18.2.0",
        "react-beautiful-dnd": "6.0.2",
        "react-color": "2.19.3",
        "react-dnd": "2.6.0",
        "react-dnd-html5-backend": "2.6.0",
        "react-dom": "18.2.0",
        "react-draggable": "2.2.6",
        "react-input-mask": "2.0.4",
        "react-modal": "3.16.1",
        "react-range": "1.8.14",
        "react-resizable": "3.0.5",
        "react-transition-group": "4.0.1",
        "tinycolor2": "1.6.0"
      },
      "devDependencies": {
        "@types/postcss-import": "14.0.3",
        "@types/postcss-normalize": "9.0.4",
        "@types/react": "18.2.75",
        "@types/react-beautiful-dnd": "6.0.1",
        "@types/react-color": "3.0.12",
        "@types/react-dnd": "3.0.2",
        "@types/react-dom": "18.2.24",
        "@types/react-input-mask": "^3.0.5",
        "@types/react-modal": "3.16.3",
        "@types/react-resizable": "3.0.8",
        "@types/react-transition-group": "4.4.11",
        "@types/tinycolor2": "1.4.6",
        "@typescript-eslint/parser": "7.6.0",
        "@vitejs/plugin-react-swc": "3.6.0",
        "classnames": "2.5.1",
        "eslint": "8.57.0",
        "eslint-config-react-app": "7.0.1",
        "eslint-import-resolver-typescript": "3.6.1",
        "eslint-plugin-import": "2.29.1",
        "eslint-plugin-jsx-a11y": "6.8.0",
        "eslint-plugin-react": "7.34.1",
        "eslint-plugin-react-hooks": "4.6.0",
        "eslint-plugin-react-refresh": "0.4.6",
        "eslint-plugin-storybook": "0.8.0",
        "eslint-plugin-unused-imports": "3.1.0",
        "glob": "10.3.12",
        "postcss": "8.4.20",
        "postcss-apply": "0.12.0",
        "postcss-calc": "8.2.4",
        "postcss-color-function": "4.1.0",
        "postcss-comment": "2.0.0",
        "postcss-custom-properties": "10.0.0",
        "postcss-import": "15.1.0",
        "postcss-loader": "7.0.2",
        "postcss-nested": "4.2.3",
        "postcss-normalize": "10.0.1",
        "postcss-preset-env": "7.8.3",
        "storybook": "8.5.2",
        "typescript": "5.4.5",
        "vite": "6.1.1",
        "vite-plugin-dts": "3.8.1",
        "vite-plugin-eslint": "1.8.1",
        "vite-plugin-lib-inject-css": "2.0.1",
        "vite-tsconfig-paths": "4.3.2"
      }
    },
    "node_modules/rc-dropdown": {
      "version": "4.2.1",
      "resolved": "https://registry.npmjs.org/rc-dropdown/-/rc-dropdown-4.2.1.tgz",
      "integrity": "sha512-YDAlXsPv3I1n42dv1JpdM7wJ+gSUBfeyPK59ZpBD9jQhK9jVuxpjj3NmWQHOBceA1zEPVX84T2wbdb2SD0UjmA==",
      "dev": true,
      "license": "MIT",
      "dependencies": {
        "@babel/runtime": "^7.18.3",
        "@rc-component/trigger": "^2.0.0",
        "classnames": "^2.2.6",
        "rc-util": "^5.44.1"
      },
      "peerDependencies": {
        "react": ">=16.11.0",
        "react-dom": ">=16.11.0"
      }
    },
    "node_modules/rc-dropdown/node_modules/@babel/runtime": {
      "version": "7.27.0",
      "resolved": "https://registry.npmjs.org/@babel/runtime/-/runtime-7.27.0.tgz",
      "integrity": "sha512-VtPOkrdPHZsKc/clNqyi9WUA8TINkZ4cGk63UUE3u4pmB2k+ZMQRDuIOagv8UVd6j7k0T3+RRIb7beKTebNbcw==",
      "dev": true,
      "license": "MIT",
      "dependencies": {
        "regenerator-runtime": "^0.14.0"
      },
      "engines": {
        "node": ">=6.9.0"
      }
    },
    "node_modules/rc-dropdown/node_modules/@rc-component/portal": {
      "version": "1.1.2",
      "resolved": "https://registry.npmjs.org/@rc-component/portal/-/portal-1.1.2.tgz",
      "integrity": "sha512-6f813C0IsasTZms08kfA8kPAGxbbkYToa8ALaiDIGGECU4i9hj8Plgbx0sNJDrey3EtHO30hmdaxtT0138xZcg==",
      "dev": true,
      "license": "MIT",
      "dependencies": {
        "@babel/runtime": "^7.18.0",
        "classnames": "^2.3.2",
        "rc-util": "^5.24.4"
      },
      "engines": {
        "node": ">=8.x"
      },
      "peerDependencies": {
        "react": ">=16.9.0",
        "react-dom": ">=16.9.0"
      }
    },
    "node_modules/rc-dropdown/node_modules/@rc-component/trigger": {
      "version": "2.2.6",
      "resolved": "https://registry.npmjs.org/@rc-component/trigger/-/trigger-2.2.6.tgz",
      "integrity": "sha512-/9zuTnWwhQ3S3WT1T8BubuFTT46kvnXgaERR9f4BTKyn61/wpf/BvbImzYBubzJibU707FxwbKszLlHjcLiv1Q==",
      "dev": true,
      "license": "MIT",
      "dependencies": {
        "@babel/runtime": "^7.23.2",
        "@rc-component/portal": "^1.1.0",
        "classnames": "^2.3.2",
        "rc-motion": "^2.0.0",
        "rc-resize-observer": "^1.3.1",
        "rc-util": "^5.44.0"
      },
      "engines": {
        "node": ">=8.x"
      },
      "peerDependencies": {
        "react": ">=16.9.0",
        "react-dom": ">=16.9.0"
      }
    },
    "node_modules/rc-dropdown/node_modules/classnames": {
      "version": "2.5.1",
      "resolved": "https://registry.npmjs.org/classnames/-/classnames-2.5.1.tgz",
      "integrity": "sha512-saHYOzhIQs6wy2sVxTM6bUDsQO4F50V9RQ22qBpEdCW+I+/Wmke2HOl6lS6dTpdxVhb88/I6+Hs+438c3lfUow==",
      "dev": true,
      "license": "MIT"
    },
    "node_modules/rc-dropdown/node_modules/rc-motion": {
      "version": "2.9.5",
      "resolved": "https://registry.npmjs.org/rc-motion/-/rc-motion-2.9.5.tgz",
      "integrity": "sha512-w+XTUrfh7ArbYEd2582uDrEhmBHwK1ZENJiSJVb7uRxdE7qJSYjbO2eksRXmndqyKqKoYPc9ClpPh5242mV1vA==",
      "dev": true,
      "license": "MIT",
      "dependencies": {
        "@babel/runtime": "^7.11.1",
        "classnames": "^2.2.1",
        "rc-util": "^5.44.0"
      },
      "peerDependencies": {
        "react": ">=16.9.0",
        "react-dom": ">=16.9.0"
      }
    },
    "node_modules/rc-dropdown/node_modules/rc-resize-observer": {
      "version": "1.4.3",
      "resolved": "https://registry.npmjs.org/rc-resize-observer/-/rc-resize-observer-1.4.3.tgz",
      "integrity": "sha512-YZLjUbyIWox8E9i9C3Tm7ia+W7euPItNWSPX5sCcQTYbnwDb5uNpnLHQCG1f22oZWUhLw4Mv2tFmeWe68CDQRQ==",
      "dev": true,
      "license": "MIT",
      "dependencies": {
        "@babel/runtime": "^7.20.7",
        "classnames": "^2.2.1",
        "rc-util": "^5.44.1",
        "resize-observer-polyfill": "^1.5.1"
      },
      "peerDependencies": {
        "react": ">=16.9.0",
        "react-dom": ">=16.9.0"
      }
    },
    "node_modules/rc-dropdown/node_modules/rc-util": {
      "version": "5.44.4",
      "resolved": "https://registry.npmjs.org/rc-util/-/rc-util-5.44.4.tgz",
      "integrity": "sha512-resueRJzmHG9Q6rI/DfK6Kdv9/Lfls05vzMs1Sk3M2P+3cJa+MakaZyWY8IPfehVuhPJFKrIY1IK4GqbiaiY5w==",
      "dev": true,
      "license": "MIT",
      "dependencies": {
        "@babel/runtime": "^7.18.3",
        "react-is": "^18.2.0"
      },
      "peerDependencies": {
        "react": ">=16.9.0",
        "react-dom": ">=16.9.0"
      }
    },
    "node_modules/rc-dropdown/node_modules/react-is": {
      "version": "18.3.1",
      "resolved": "https://registry.npmjs.org/react-is/-/react-is-18.3.1.tgz",
      "integrity": "sha512-/LLMVyas0ljjAtoYiPqYiL8VWXzUUdThrmU5+n20DZv+a+ClRoevUzw5JxU+Ieh5/c87ytoTBV9G1FiKfNJdmg==",
      "dev": true,
      "license": "MIT"
    },
    "node_modules/rc-dropdown/node_modules/regenerator-runtime": {
      "version": "0.14.1",
      "resolved": "https://registry.npmjs.org/regenerator-runtime/-/regenerator-runtime-0.14.1.tgz",
      "integrity": "sha512-dYnhHh0nJoMfnkZs6GmmhFknAGRrLznOu5nc9ML+EJxGvrx6H7teuevqVqCuPcPK//3eDrrjQhehXVx9cnkGdw==",
      "dev": true,
      "license": "MIT"
    },
    "node_modules/rc-dropdown/node_modules/resize-observer-polyfill": {
      "version": "1.5.1",
      "resolved": "https://registry.npmjs.org/resize-observer-polyfill/-/resize-observer-polyfill-1.5.1.tgz",
      "integrity": "sha512-LwZrotdHOo12nQuZlHEmtuXdqGoOD0OhaxopaNFxWzInpEgaLWoVuAMbTzixuosCx2nEG58ngzW3vxdWoxIgdg==",
      "dev": true,
      "license": "MIT"
    }
  }
}
