{
    "name": "@optimacros-ui/kit-legacy",
    "version": "2.0.7",
    "lockfileVersion": 3,
    "requires": true,
    "packages": {
        "": {
            "name": "@optimacros-ui/kit-legacy",
            "version": "2.0.7",
            "dependencies": {
                "marked": "4.1.0"
            },
            "devDependencies": {
                "@types/react-input-mask": "^3.0.5",
                "@vitejs/plugin-react-swc": "3.6.0"
            }
        },
        "node_modules/@types/react-input-mask": {
            "version": "3.0.6",
            "resolved": "https://registry.npmjs.org/@types/react-input-mask/-/react-input-mask-3.0.6.tgz",
            "integrity": "sha512-+5I18WKyG3eWIj7TVPWfK1VitI9mPpS9y6jE/BfmTCe+iL27NfBw/yzKRvCFp1DRBvlvvcsiZf05bub0YC1k8A==",
            "dev": true,
            "license": "MIT",
            "dependencies": {
                "@types/react": "*"
            }
        },
        "node_modules/@types/react-input-mask/node_modules/@types/react": {
            "version": "19.0.12",
            "resolved": "https://registry.npmjs.org/@types/react/-/react-19.0.12.tgz",
            "integrity": "sha512-V6Ar115dBDrjbtXSrS+/Oruobc+qVbbUxDFC1RSbRqLt5SYvxxyIDrSC85RWml54g+jfNeEMZhEj7wW07ONQhA==",
            "dev": true,
            "license": "MIT",
            "dependencies": {
                "csstype": "^3.0.2"
            }
        },
        "node_modules/@types/react-input-mask/node_modules/csstype": {
            "version": "3.1.3",
            "resolved": "https://registry.npmjs.org/csstype/-/csstype-3.1.3.tgz",
            "integrity": "sha512-M1uQkMl8rQK/szD0LNhtqxIPLpimGm8sOBwU7lLnCpSbTyY3yeU1Vc7l4KT5zT4s/yOxHH5O7tIuuLOCnLADRw==",
            "dev": true,
            "license": "MIT"
        },
        "node_modules/@vitejs/plugin-react-swc": {
            "version": "3.6.0",
            "resolved": "https://registry.npmjs.org/@vitejs/plugin-react-swc/-/plugin-react-swc-3.6.0.tgz",
            "integrity": "sha512-XFRbsGgpGxGzEV5i5+vRiro1bwcIaZDIdBRP16qwm+jP68ue/S8FJTBEgOeojtVDYrbSua3XFp71kC8VJE6v+g==",
            "dev": true,
            "license": "MIT",
            "dependencies": {
                "@swc/core": "^1.3.107"
            },
            "peerDependencies": {
                "vite": "^4 || ^5"
            }
        },
        "node_modules/@vitejs/plugin-react-swc/node_modules/@swc/core": {
            "version": "1.11.11",
            "resolved": "https://registry.npmjs.org/@swc/core/-/core-1.11.11.tgz",
            "integrity": "sha512-pCVY2Wn6dV/labNvssk9b3Owi4WOYsapcbWm90XkIj4xH/56Z6gzja9fsU+4MdPuEfC2Smw835nZHcdCFGyX6A==",
            "dev": true,
            "hasInstallScript": true,
            "license": "Apache-2.0",
            "dependencies": {
                "@swc/counter": "^0.1.3",
                "@swc/types": "^0.1.19"
            },
            "engines": {
                "node": ">=10"
            },
            "funding": {
                "type": "opencollective",
                "url": "https://opencollective.com/swc"
            },
            "optionalDependencies": {
                "@swc/core-darwin-arm64": "1.11.11",
                "@swc/core-darwin-x64": "1.11.11",
                "@swc/core-linux-arm-gnueabihf": "1.11.11",
                "@swc/core-linux-arm64-gnu": "1.11.11",
                "@swc/core-linux-arm64-musl": "1.11.11",
                "@swc/core-linux-x64-gnu": "1.11.11",
                "@swc/core-linux-x64-musl": "1.11.11",
                "@swc/core-win32-arm64-msvc": "1.11.11",
                "@swc/core-win32-ia32-msvc": "1.11.11",
                "@swc/core-win32-x64-msvc": "1.11.11"
            },
            "peerDependencies": {
                "@swc/helpers": "*"
            },
            "peerDependenciesMeta": {
                "@swc/helpers": {
                    "optional": true
                }
            }
        },
        "node_modules/@vitejs/plugin-react-swc/node_modules/@swc/core-darwin-arm64": {
            "version": "1.11.11",
            "resolved": "https://registry.npmjs.org/@swc/core-darwin-arm64/-/core-darwin-arm64-1.11.11.tgz",
            "integrity": "sha512-vJcjGVDB8cZH7zyOkC0AfpFYI/7GHKG0NSsH3tpuKrmoAXJyCYspKPGid7FT53EAlWreN7+Pew+bukYf5j+Fmg==",
            "cpu": [
                "arm64"
            ],
            "dev": true,
            "license": "Apache-2.0 AND MIT",
            "optional": true,
            "os": [
                "darwin"
            ],
            "engines": {
                "node": ">=10"
            }
        },
        "node_modules/@vitejs/plugin-react-swc/node_modules/@swc/core-darwin-x64": {
            "version": "1.11.11",
            "resolved": "https://registry.npmjs.org/@swc/core-darwin-x64/-/core-darwin-x64-1.11.11.tgz",
            "integrity": "sha512-/N4dGdqEYvD48mCF3QBSycAbbQd3yoZ2YHSzYesQf8usNc2YpIhYqEH3sql02UsxTjEFOJSf1bxZABDdhbSl6A==",
            "cpu": [
                "x64"
            ],
            "dev": true,
            "license": "Apache-2.0 AND MIT",
            "optional": true,
            "os": [
                "darwin"
            ],
            "engines": {
                "node": ">=10"
            }
        },
        "node_modules/@vitejs/plugin-react-swc/node_modules/@swc/core-linux-arm-gnueabihf": {
            "version": "1.11.11",
            "resolved": "https://registry.npmjs.org/@swc/core-linux-arm-gnueabihf/-/core-linux-arm-gnueabihf-1.11.11.tgz",
            "integrity": "sha512-hsBhKK+wVXdN3x9MrL5GW0yT8o9GxteE5zHAI2HJjRQel3HtW7m5Nvwaq+q8rwMf4YQRd8ydbvwl4iUOZx7i2Q==",
            "cpu": [
                "arm"
            ],
            "dev": true,
            "license": "Apache-2.0",
            "optional": true,
            "os": [
                "linux"
            ],
            "engines": {
                "node": ">=10"
            }
        },
        "node_modules/@vitejs/plugin-react-swc/node_modules/@swc/core-linux-arm64-gnu": {
            "version": "1.11.11",
            "resolved": "https://registry.npmjs.org/@swc/core-linux-arm64-gnu/-/core-linux-arm64-gnu-1.11.11.tgz",
            "integrity": "sha512-YOCdxsqbnn/HMPCNM6nrXUpSndLXMUssGTtzT7ffXqr7WuzRg2e170FVDVQFIkb08E7Ku5uOnnUVAChAJQbMOQ==",
            "cpu": [
                "arm64"
            ],
            "dev": true,
            "license": "Apache-2.0 AND MIT",
            "optional": true,
            "os": [
                "linux"
            ],
            "engines": {
                "node": ">=10"
            }
        },
        "node_modules/@vitejs/plugin-react-swc/node_modules/@swc/core-linux-arm64-musl": {
            "version": "1.11.11",
            "resolved": "https://registry.npmjs.org/@swc/core-linux-arm64-musl/-/core-linux-arm64-musl-1.11.11.tgz",
            "integrity": "sha512-nR2tfdQRRzwqR2XYw9NnBk9Fdvff/b8IiJzDL28gRR2QiJWLaE8LsRovtWrzCOYq6o5Uu9cJ3WbabWthLo4jLw==",
            "cpu": [
                "arm64"
            ],
            "dev": true,
            "license": "Apache-2.0 AND MIT",
            "optional": true,
            "os": [
                "linux"
            ],
            "engines": {
                "node": ">=10"
            }
        },
        "node_modules/@vitejs/plugin-react-swc/node_modules/@swc/core-linux-x64-gnu": {
            "version": "1.11.11",
            "resolved": "https://registry.npmjs.org/@swc/core-linux-x64-gnu/-/core-linux-x64-gnu-1.11.11.tgz",
            "integrity": "sha512-b4gBp5HA9xNWNC5gsYbdzGBJWx4vKSGybGMGOVWWuF+ynx10+0sA/o4XJGuNHm8TEDuNh9YLKf6QkIO8+GPJ1g==",
            "cpu": [
                "x64"
            ],
            "dev": true,
            "license": "Apache-2.0 AND MIT",
            "optional": true,
            "os": [
                "linux"
            ],
            "engines": {
                "node": ">=10"
            }
        },
        "node_modules/@vitejs/plugin-react-swc/node_modules/@swc/core-linux-x64-musl": {
            "version": "1.11.11",
            "resolved": "https://registry.npmjs.org/@swc/core-linux-x64-musl/-/core-linux-x64-musl-1.11.11.tgz",
            "integrity": "sha512-dEvqmQVswjNvMBwXNb8q5uSvhWrJLdttBSef3s6UC5oDSwOr00t3RQPzyS3n5qmGJ8UMTdPRmsopxmqaODISdg==",
            "cpu": [
                "x64"
            ],
            "dev": true,
            "license": "Apache-2.0 AND MIT",
            "optional": true,
            "os": [
                "linux"
            ],
            "engines": {
                "node": ">=10"
            }
        },
        "node_modules/@vitejs/plugin-react-swc/node_modules/@swc/core-win32-arm64-msvc": {
            "version": "1.11.11",
            "resolved": "https://registry.npmjs.org/@swc/core-win32-arm64-msvc/-/core-win32-arm64-msvc-1.11.11.tgz",
            "integrity": "sha512-aZNZznem9WRnw2FbTqVpnclvl8Q2apOBW2B316gZK+qxbe+ktjOUnYaMhdCG3+BYggyIBDOnaJeQrXbKIMmNdw==",
            "cpu": [
                "arm64"
            ],
            "dev": true,
            "license": "Apache-2.0 AND MIT",
            "optional": true,
            "os": [
                "win32"
            ],
            "engines": {
                "node": ">=10"
            }
        },
        "node_modules/@vitejs/plugin-react-swc/node_modules/@swc/core-win32-ia32-msvc": {
            "version": "1.11.11",
            "resolved": "https://registry.npmjs.org/@swc/core-win32-ia32-msvc/-/core-win32-ia32-msvc-1.11.11.tgz",
            "integrity": "sha512-DjeJn/IfjgOddmJ8IBbWuDK53Fqw7UvOz7kyI/728CSdDYC3LXigzj3ZYs4VvyeOt+ZcQZUB2HA27edOifomGw==",
            "cpu": [
                "ia32"
            ],
            "dev": true,
            "license": "Apache-2.0 AND MIT",
            "optional": true,
            "os": [
                "win32"
            ],
            "engines": {
                "node": ">=10"
            }
        },
        "node_modules/@vitejs/plugin-react-swc/node_modules/@swc/core-win32-x64-msvc": {
            "version": "1.11.11",
            "resolved": "https://registry.npmjs.org/@swc/core-win32-x64-msvc/-/core-win32-x64-msvc-1.11.11.tgz",
            "integrity": "sha512-Gp/SLoeMtsU4n0uRoKDOlGrRC6wCfifq7bqLwSlAG8u8MyJYJCcwjg7ggm0rhLdC2vbiZ+lLVl3kkETp+JUvKg==",
            "cpu": [
                "x64"
            ],
            "dev": true,
            "license": "Apache-2.0 AND MIT",
            "optional": true,
            "os": [
                "win32"
            ],
            "engines": {
                "node": ">=10"
            }
        },
        "node_modules/@vitejs/plugin-react-swc/node_modules/@swc/counter": {
            "version": "0.1.3",
            "resolved": "https://registry.npmjs.org/@swc/counter/-/counter-0.1.3.tgz",
            "integrity": "sha512-e2BR4lsJkkRlKZ/qCHPw9ZaSxc0MVUd7gtbtaB7aMvHeJVYe8sOB8DBZkP2DtISHGSku9sCK6T6cnY0CtXrOCQ==",
            "dev": true,
            "license": "Apache-2.0"
        },
        "node_modules/@vitejs/plugin-react-swc/node_modules/@swc/types": {
            "version": "0.1.19",
            "resolved": "https://registry.npmjs.org/@swc/types/-/types-0.1.19.tgz",
            "integrity": "sha512-WkAZaAfj44kh/UFdAQcrMP1I0nwRqpt27u+08LMBYMqmQfwwMofYoMh/48NGkMMRfC4ynpfwRbJuu8ErfNloeA==",
            "dev": true,
            "license": "Apache-2.0",
            "dependencies": {
                "@swc/counter": "^0.1.3"
            }
        },
        "node_modules/marked": {
            "version": "4.1.0",
            "resolved": "https://registry.npmjs.org/marked/-/marked-4.1.0.tgz",
            "integrity": "sha512-+Z6KDjSPa6/723PQYyc1axYZpYYpDnECDaU6hkaf5gqBieBkMKYReL5hteF2QizhlMbgbo8umXl/clZ67+GlsA==",
            "license": "MIT",
            "bin": {
                "marked": "bin/marked.js"
            },
            "engines": {
                "node": ">= 12"
            }
        }
    }
}
